// !$*UTF8*$!
{
	archiveVersion = 1;
	classes = {
	};
	objectVersion = 46;
	objects = {

/* Begin PBXBuildFile section */
		4223A6FE1B989BB2000FC3D7 /* AnimationViewController.m in Sources */ = {isa = PBXBuildFile; fileRef = 4223A6F31B989BB2000FC3D7 /* AnimationViewController.m */; };
		4223A6FF1B989BB2000FC3D7 /* CustomCollectionViewController.m in Sources */ = {isa = PBXBuildFile; fileRef = 4223A6F51B989BB2000FC3D7 /* CustomCollectionViewController.m */; };
		4223A7001B989BB2000FC3D7 /* WebViewController.m in Sources */ = {isa = PBXBuildFile; fileRef = 4223A6F71B989BB2000FC3D7 /* WebViewController.m */; };
		4223A7011B989BB2000FC3D7 /* Person.m in Sources */ = {isa = PBXBuildFile; fileRef = 4223A6FA1B989BB2000FC3D7 /* Person.m */; };
		4223A7021B989BB2000FC3D7 /* CustomCollectionViewCell.m in Sources */ = {isa = PBXBuildFile; fileRef = 4223A6FD1B989BB2000FC3D7 /* CustomCollectionViewCell.m */; };
		42DE37471ACB336500290225 /* main.m in Sources */ = {isa = PBXBuildFile; fileRef = 42DE37461ACB336500290225 /* main.m */; };
		42DE374A1ACB336500290225 /* AppDelegate.m in Sources */ = {isa = PBXBuildFile; fileRef = 42DE37491ACB336500290225 /* AppDelegate.m */; };
		42DE374D1ACB336500290225 /* test.xcdatamodeld in Sources */ = {isa = PBXBuildFile; fileRef = 42DE374B1ACB336500290225 /* test.xcdatamodeld */; };
		42DE37531ACB336500290225 /* Main.storyboard in Resources */ = {isa = PBXBuildFile; fileRef = 42DE37511ACB336500290225 /* Main.storyboard */; };
		42DE37551ACB336500290225 /* Images.xcassets in Resources */ = {isa = PBXBuildFile; fileRef = 42DE37541ACB336500290225 /* Images.xcassets */; };
		42DE37581ACB336500290225 /* LaunchScreen.xib in Resources */ = {isa = PBXBuildFile; fileRef = 42DE37561ACB336500290225 /* LaunchScreen.xib */; };
		42DE37641ACB336500290225 /* testTests.m in Sources */ = {isa = PBXBuildFile; fileRef = 42DE37631ACB336500290225 /* testTests.m */; };
/* End PBXBuildFile section */

/* Begin PBXContainerItemProxy section */
		42DE375E1ACB336500290225 /* PBXContainerItemProxy */ = {
			isa = PBXContainerItemProxy;
			containerPortal = 42DE37391ACB336500290225 /* Project object */;
			proxyType = 1;
			remoteGlobalIDString = 42DE37401ACB336500290225;
			remoteInfo = test;
		};
/* End PBXContainerItemProxy section */

/* Begin PBXFileReference section */
		4223A6F21B989BB2000FC3D7 /* AnimationViewController.h */ = {isa = PBXFileReference; fileEncoding = 4; lastKnownFileType = sourcecode.c.h; path = AnimationViewController.h; sourceTree = "<group>"; };
		4223A6F31B989BB2000FC3D7 /* AnimationViewController.m */ = {isa = PBXFileReference; fileEncoding = 4; lastKnownFileType = sourcecode.c.objc; path = AnimationViewController.m; sourceTree = "<group>"; };
		4223A6F41B989BB2000FC3D7 /* CustomCollectionViewController.h */ = {isa = PBXFileReference; fileEncoding = 4; lastKnownFileType = sourcecode.c.h; path = CustomCollectionViewController.h; sourceTree = "<group>"; };
		4223A6F51B989BB2000FC3D7 /* CustomCollectionViewController.m */ = {isa = PBXFileReference; fileEncoding = 4; lastKnownFileType = sourcecode.c.objc; path = CustomCollectionViewController.m; sourceTree = "<group>"; };
		4223A6F61B989BB2000FC3D7 /* WebViewController.h */ = {isa = PBXFileReference; fileEncoding = 4; lastKnownFileType = sourcecode.c.h; path = WebViewController.h; sourceTree = "<group>"; };
		4223A6F71B989BB2000FC3D7 /* WebViewController.m */ = {isa = PBXFileReference; fileEncoding = 4; lastKnownFileType = sourcecode.c.objc; path = WebViewController.m; sourceTree = "<group>"; };
		4223A6F91B989BB2000FC3D7 /* Person.h */ = {isa = PBXFileReference; fileEncoding = 4; lastKnownFileType = sourcecode.c.h; path = Person.h; sourceTree = "<group>"; };
		4223A6FA1B989BB2000FC3D7 /* Person.m */ = {isa = PBXFileReference; fileEncoding = 4; lastKnownFileType = sourcecode.c.objc; path = Person.m; sourceTree = "<group>"; };
		4223A6FC1B989BB2000FC3D7 /* CustomCollectionViewCell.h */ = {isa = PBXFileReference; fileEncoding = 4; lastKnownFileType = sourcecode.c.h; path = CustomCollectionViewCell.h; sourceTree = "<group>"; };
		4223A6FD1B989BB2000FC3D7 /* CustomCollectionViewCell.m */ = {isa = PBXFileReference; fileEncoding = 4; lastKnownFileType = sourcecode.c.objc; path = CustomCollectionViewCell.m; sourceTree = "<group>"; };
		42DE37411ACB336500290225 /* test.app */ = {isa = PBXFileReference; explicitFileType = wrapper.application; includeInIndex = 0; path = test.app; sourceTree = BUILT_PRODUCTS_DIR; };
		42DE37451ACB336500290225 /* Info.plist */ = {isa = PBXFileReference; lastKnownFileType = text.plist.xml; path = Info.plist; sourceTree = "<group>"; };
		42DE37461ACB336500290225 /* main.m */ = {isa = PBXFileReference; lastKnownFileType = sourcecode.c.objc; path = main.m; sourceTree = "<group>"; };
		42DE37481ACB336500290225 /* AppDelegate.h */ = {isa = PBXFileReference; lastKnownFileType = sourcecode.c.h; path = AppDelegate.h; sourceTree = "<group>"; };
		42DE37491ACB336500290225 /* AppDelegate.m */ = {isa = PBXFileReference; lastKnownFileType = sourcecode.c.objc; path = AppDelegate.m; sourceTree = "<group>"; };
		42DE374C1ACB336500290225 /* test.xcdatamodel */ = {isa = PBXFileReference; lastKnownFileType = wrapper.xcdatamodel; path = test.xcdatamodel; sourceTree = "<group>"; };
		42DE37521ACB336500290225 /* Base */ = {isa = PBXFileReference; lastKnownFileType = file.storyboard; name = Base; path = Base.lproj/Main.storyboard; sourceTree = "<group>"; };
		42DE37541ACB336500290225 /* Images.xcassets */ = {isa = PBXFileReference; lastKnownFileType = folder.assetcatalog; path = Images.xcassets; sourceTree = "<group>"; };
		42DE37571ACB336500290225 /* Base */ = {isa = PBXFileReference; lastKnownFileType = file.xib; name = Base; path = Base.lproj/LaunchScreen.xib; sourceTree = "<group>"; };
		42DE375D1ACB336500290225 /* testTests.xctest */ = {isa = PBXFileReference; explicitFileType = wrapper.cfbundle; includeInIndex = 0; path = testTests.xctest; sourceTree = BUILT_PRODUCTS_DIR; };
		42DE37621ACB336500290225 /* Info.plist */ = {isa = PBXFileReference; lastKnownFileType = text.plist.xml; path = Info.plist; sourceTree = "<group>"; };
		42DE37631ACB336500290225 /* testTests.m */ = {isa = PBXFileReference; lastKnownFileType = sourcecode.c.objc; path = testTests.m; sourceTree = "<group>"; };
/* End PBXFileReference section */

/* Begin PBXFrameworksBuildPhase section */
		42DE373E1ACB336500290225 /* Frameworks */ = {
			isa = PBXFrameworksBuildPhase;
			buildActionMask = 2147483647;
			files = (
			);
			runOnlyForDeploymentPostprocessing = 0;
		};
		42DE375A1ACB336500290225 /* Frameworks */ = {
			isa = PBXFrameworksBuildPhase;
			buildActionMask = 2147483647;
			files = (
			);
			runOnlyForDeploymentPostprocessing = 0;
		};
/* End PBXFrameworksBuildPhase section */

/* Begin PBXGroup section */
		4223A6F11B989BB2000FC3D7 /* Controllers */ = {
			isa = PBXGroup;
			children = (
				4223A6F21B989BB2000FC3D7 /* AnimationViewController.h */,
				4223A6F31B989BB2000FC3D7 /* AnimationViewController.m */,
				4223A6F41B989BB2000FC3D7 /* CustomCollectionViewController.h */,
				4223A6F51B989BB2000FC3D7 /* CustomCollectionViewController.m */,
				4223A6F61B989BB2000FC3D7 /* WebViewController.h */,
				4223A6F71B989BB2000FC3D7 /* WebViewController.m */,
			);
			path = Controllers;
			sourceTree = "<group>";
		};
		4223A6F81B989BB2000FC3D7 /* Models */ = {
			isa = PBXGroup;
			children = (
				4223A6F91B989BB2000FC3D7 /* Person.h */,
				4223A6FA1B989BB2000FC3D7 /* Person.m */,
			);
			path = Models;
			sourceTree = "<group>";
		};
		4223A6FB1B989BB2000FC3D7 /* Views */ = {
			isa = PBXGroup;
			children = (
				4223A6FC1B989BB2000FC3D7 /* CustomCollectionViewCell.h */,
				42DE37511ACB336500290225 /* Main.storyboard */,
				42DE37561ACB336500290225 /* LaunchScreen.xib */,
				4223A6FD1B989BB2000FC3D7 /* CustomCollectionViewCell.m */,
			);
			path = Views;
			sourceTree = "<group>";
		};
		42DE37381ACB336500290225 = {
			isa = PBXGroup;
			children = (
				42DE37431ACB336500290225 /* test */,
				42DE37601ACB336500290225 /* testTests */,
				42DE37421ACB336500290225 /* Products */,
			);
			sourceTree = "<group>";
		};
		42DE37421ACB336500290225 /* Products */ = {
			isa = PBXGroup;
			children = (
				42DE37411ACB336500290225 /* test.app */,
				42DE375D1ACB336500290225 /* testTests.xctest */,
			);
			name = Products;
			sourceTree = "<group>";
		};
		42DE37431ACB336500290225 /* test */ = {
			isa = PBXGroup;
			children = (
				4223A6F11B989BB2000FC3D7 /* Controllers */,
				4223A6F81B989BB2000FC3D7 /* Models */,
				4223A6FB1B989BB2000FC3D7 /* Views */,
				42DE37541ACB336500290225 /* Images.xcassets */,
				42DE374B1ACB336500290225 /* test.xcdatamodeld */,
				42DE37441ACB336500290225 /* Supporting Files */,
			);
			path = test;
			sourceTree = "<group>";
		};
		42DE37441ACB336500290225 /* Supporting Files */ = {
			isa = PBXGroup;
			children = (
				42DE37481ACB336500290225 /* AppDelegate.h */,
				42DE37491ACB336500290225 /* AppDelegate.m */,
				42DE37451ACB336500290225 /* Info.plist */,
				42DE37461ACB336500290225 /* main.m */,
			);
			name = "Supporting Files";
			sourceTree = "<group>";
		};
		42DE37601ACB336500290225 /* testTests */ = {
			isa = PBXGroup;
			children = (
				42DE37631ACB336500290225 /* testTests.m */,
				42DE37611ACB336500290225 /* Supporting Files */,
			);
			path = testTests;
			sourceTree = "<group>";
		};
		42DE37611ACB336500290225 /* Supporting Files */ = {
			isa = PBXGroup;
			children = (
				42DE37621ACB336500290225 /* Info.plist */,
			);
			name = "Supporting Files";
			sourceTree = "<group>";
		};
/* End PBXGroup section */

/* Begin PBXNativeTarget section */
		42DE37401ACB336500290225 /* test */ = {
			isa = PBXNativeTarget;
			buildConfigurationList = 42DE37671ACB336500290225 /* Build configuration list for PBXNativeTarget "test" */;
			buildPhases = (
				42DE373D1ACB336500290225 /* Sources */,
				42DE373E1ACB336500290225 /* Frameworks */,
				42DE373F1ACB336500290225 /* Resources */,
			);
			buildRules = (
			);
			dependencies = (
			);
			name = test;
			productName = test;
			productReference = 42DE37411ACB336500290225 /* test.app */;
			productType = "com.apple.product-type.application";
		};
		42DE375C1ACB336500290225 /* testTests */ = {
			isa = PBXNativeTarget;
			buildConfigurationList = 42DE376A1ACB336500290225 /* Build configuration list for PBXNativeTarget "testTests" */;
			buildPhases = (
				42DE37591ACB336500290225 /* Sources */,
				42DE375A1ACB336500290225 /* Frameworks */,
				42DE375B1ACB336500290225 /* Resources */,
			);
			buildRules = (
			);
			dependencies = (
				42DE375F1ACB336500290225 /* PBXTargetDependency */,
			);
			name = testTests;
			productName = testTests;
			productReference = 42DE375D1ACB336500290225 /* testTests.xctest */;
			productType = "com.apple.product-type.bundle.unit-test";
		};
/* End PBXNativeTarget section */

/* Begin PBXProject section */
		42DE37391ACB336500290225 /* Project object */ = {
			isa = PBXProject;
			attributes = {
				LastUpgradeCheck = 0620;
				ORGANIZATIONNAME = FJ;
				TargetAttributes = {
					42DE37401ACB336500290225 = {
						CreatedOnToolsVersion = 6.2;
					};
					42DE375C1ACB336500290225 = {
						CreatedOnToolsVersion = 6.2;
						TestTargetID = 42DE37401ACB336500290225;
					};
				};
			};
			buildConfigurationList = 42DE373C1ACB336500290225 /* Build configuration list for PBXProject "test" */;
			compatibilityVersion = "Xcode 3.2";
			developmentRegion = English;
			hasScannedForEncodings = 0;
			knownRegions = (
				en,
				Base,
			);
			mainGroup = 42DE37381ACB336500290225;
			productRefGroup = 42DE37421ACB336500290225 /* Products */;
			projectDirPath = "";
			projectRoot = "";
			targets = (
				42DE37401ACB336500290225 /* test */,
				42DE375C1ACB336500290225 /* testTests */,
			);
		};
/* End PBXProject section */

/* Begin PBXResourcesBuildPhase section */
		42DE373F1ACB336500290225 /* Resources */ = {
			isa = PBXResourcesBuildPhase;
			buildActionMask = 2147483647;
			files = (
				42DE37531ACB336500290225 /* Main.storyboard in Resources */,
				42DE37581ACB336500290225 /* LaunchScreen.xib in Resources */,
				42DE37551ACB336500290225 /* Images.xcassets in Resources */,
			);
			runOnlyForDeploymentPostprocessing = 0;
		};
		42DE375B1ACB336500290225 /* Resources */ = {
			isa = PBXResourcesBuildPhase;
			buildActionMask = 2147483647;
			files = (
			);
			runOnlyForDeploymentPostprocessing = 0;
		};
/* End PBXResourcesBuildPhase section */

/* Begin PBXSourcesBuildPhase section */
		42DE373D1ACB336500290225 /* Sources */ = {
			isa = PBXSourcesBuildPhase;
			buildActionMask = 2147483647;
			files = (
				4223A6FE1B989BB2000FC3D7 /* AnimationViewController.m in Sources */,
				42DE374A1ACB336500290225 /* AppDelegate.m in Sources */,
				4223A7001B989BB2000FC3D7 /* WebViewController.m in Sources */,
				4223A7021B989BB2000FC3D7 /* CustomCollectionViewCell.m in Sources */,
				42DE37471ACB336500290225 /* main.m in Sources */,
				4223A7011B989BB2000FC3D7 /* Person.m in Sources */,
				4223A6FF1B989BB2000FC3D7 /* CustomCollectionViewController.m in Sources */,
				42DE374D1ACB336500290225 /* test.xcdatamodeld in Sources */,
			);
			runOnlyForDeploymentPostprocessing = 0;
		};
		42DE37591ACB336500290225 /* Sources */ = {
			isa = PBXSourcesBuildPhase;
			buildActionMask = 2147483647;
			files = (
				42DE37641ACB336500290225 /* testTests.m in Sources */,
			);
			runOnlyForDeploymentPostprocessing = 0;
		};
/* End PBXSourcesBuildPhase section */

/* Begin PBXTargetDependency section */
		42DE375F1ACB336500290225 /* PBXTargetDependency */ = {
			isa = PBXTargetDependency;
			target = 42DE37401ACB336500290225 /* test */;
			targetProxy = 42DE375E1ACB336500290225 /* PBXContainerItemProxy */;
		};
/* End PBXTargetDependency section */

/* Begin PBXVariantGroup section */
		42DE37511ACB336500290225 /* Main.storyboard */ = {
			isa = PBXVariantGroup;
			children = (
				42DE37521ACB336500290225 /* Base */,
			);
			name = Main.storyboard;
			path = ..;
			sourceTree = "<group>";
		};
		42DE37561ACB336500290225 /* LaunchScreen.xib */ = {
			isa = PBXVariantGroup;
			children = (
				42DE37571ACB336500290225 /* Base */,
			);
			name = LaunchScreen.xib;
			path = ..;
			sourceTree = "<group>";
		};
/* End PBXVariantGroup section */

/* Begin XCBuildConfiguration section */
		42DE37651ACB336500290225 /* Debug */ = {
			isa = XCBuildConfiguration;
			buildSettings = {
				ALWAYS_SEARCH_USER_PATHS = NO;
				CLANG_CXX_LANGUAGE_STANDARD = "gnu++0x";
				CLANG_CXX_LIBRARY = "libc++";
				CLANG_ENABLE_MODULES = YES;
				CLANG_ENABLE_OBJC_ARC = YES;
				CLANG_WARN_BOOL_CONVERSION = YES;
				CLANG_WARN_CONSTANT_CONVERSION = YES;
				CLANG_WARN_DIRECT_OBJC_ISA_USAGE = YES_ERROR;
				CLANG_WARN_EMPTY_BODY = YES;
				CLANG_WARN_ENUM_CONVERSION = YES;
				CLANG_WARN_INT_CONVERSION = YES;
				CLANG_WARN_OBJC_ROOT_CLASS = YES_ERROR;
				CLANG_WARN_UNREACHABLE_CODE = YES;
				CLANG_WARN__DUPLICATE_METHOD_MATCH = YES;
				"CODE_SIGN_IDENTITY[sdk=iphoneos*]" = "iPhone Developer";
				COPY_PHASE_STRIP = NO;
				ENABLE_STRICT_OBJC_MSGSEND = YES;
				GCC_C_LANGUAGE_STANDARD = gnu99;
				GCC_DYNAMIC_NO_PIC = NO;
				GCC_OPTIMIZATION_LEVEL = 0;
				GCC_PREPROCESSOR_DEFINITIONS = (
					"DEBUG=1",
					"$(inherited)",
				);
				GCC_SYMBOLS_PRIVATE_EXTERN = NO;
				GCC_WARN_64_TO_32_BIT_CONVERSION = YES;
				GCC_WARN_ABOUT_RETURN_TYPE = YES_ERROR;
				GCC_WARN_UNDECLARED_SELECTOR = YES;
				GCC_WARN_UNINITIALIZED_AUTOS = YES_AGGRESSIVE;
				GCC_WARN_UNUSED_FUNCTION = YES;
				GCC_WARN_UNUSED_VARIABLE = YES;
				IPHONEOS_DEPLOYMENT_TARGET = 8.2;
				MTL_ENABLE_DEBUG_INFO = YES;
				ONLY_ACTIVE_ARCH = YES;
				SDKROOT = iphoneos;
				TARGETED_DEVICE_FAMILY = "1,2";
			};
			name = Debug;
		};
		42DE37661ACB336500290225 /* Release */ = {
			isa = XCBuildConfiguration;
			buildSettings = {
				ALWAYS_SEARCH_USER_PATHS = NO;
				CLANG_CXX_LANGUAGE_STANDARD = "gnu++0x";
				CLANG_CXX_LIBRARY = "libc++";
				CLANG_ENABLE_MODULES = YES;
				CLANG_ENABLE_OBJC_ARC = YES;
				CLANG_WARN_BOOL_CONVERSION = YES;
				CLANG_WARN_CONSTANT_CONVERSION = YES;
				CLANG_WARN_DIRECT_OBJC_ISA_USAGE = YES_ERROR;
				CLANG_WARN_EMPTY_BODY = YES;
				CLANG_WARN_ENUM_CONVERSION = YES;
				CLANG_WARN_INT_CONVERSION = YES;
				CLANG_WARN_OBJC_ROOT_CLASS = YES_ERROR;
				CLANG_WARN_UNREACHABLE_CODE = YES;
				CLANG_WARN__DUPLICATE_METHOD_MATCH = YES;
				"CODE_SIGN_IDENTITY[sdk=iphoneos*]" = "iPhone Developer";
				COPY_PHASE_STRIP = NO;
				ENABLE_NS_ASSERTIONS = NO;
				ENABLE_STRICT_OBJC_MSGSEND = YES;
				GCC_C_LANGUAGE_STANDARD = gnu99;
				GCC_WARN_64_TO_32_BIT_CONVERSION = YES;
				GCC_WARN_ABOUT_RETURN_TYPE = YES_ERROR;
				GCC_WARN_UNDECLARED_SELECTOR = YES;
				GCC_WARN_UNINITIALIZED_AUTOS = YES_AGGRESSIVE;
				GCC_WARN_UNUSED_FUNCTION = YES;
				GCC_WARN_UNUSED_VARIABLE = YES;
				IPHONEOS_DEPLOYMENT_TARGET = 8.2;
				MTL_ENABLE_DEBUG_INFO = NO;
				SDKROOT = iphoneos;
				TARGETED_DEVICE_FAMILY = "1,2";
				VALIDATE_PRODUCT = YES;
			};
			name = Release;
		};
		42DE37681ACB336500290225 /* Debug */ = {
			isa = XCBuildConfiguration;
			buildSettings = {
				ASSETCATALOG_COMPILER_APPICON_NAME = AppIcon;
				CLANG_ENABLE_MODULES = YES;
				INFOPLIST_FILE = test/Info.plist;
				LD_RUNPATH_SEARCH_PATHS = "$(inherited) @executable_path/Frameworks";
				PRODUCT_NAME = "$(TARGET_NAME)";
				SWIFT_OPTIMIZATION_LEVEL = "-Onone";
			};
			name = Debug;
		};
		42DE37691ACB336500290225 /* Release */ = {
			isa = XCBuildConfiguration;
			buildSettings = {
				ASSETCATALOG_COMPILER_APPICON_NAME = AppIcon;
				CLANG_ENABLE_MODULES = YES;
				INFOPLIST_FILE = test/Info.plist;
				LD_RUNPATH_SEARCH_PATHS = "$(inherited) @executable_path/Frameworks";
				PRODUCT_NAME = "$(TARGET_NAME)";
			};
			name = Release;
		};
		42DE376B1ACB336500290225 /* Debug */ = {
			isa = XCBuildConfiguration;
			buildSettings = {
				BUNDLE_LOADER = "$(TEST_HOST)";
				FRAMEWORK_SEARCH_PATHS = (
					"$(SDKROOT)/Developer/Library/Frameworks",
					"$(inherited)",
				);
				GCC_PREPROCESSOR_DEFINITIONS = (
					"DEBUG=1",
					"$(inherited)",
				);
				INFOPLIST_FILE = testTests/Info.plist;
				LD_RUNPATH_SEARCH_PATHS = "$(inherited) @executable_path/Frameworks @loader_path/Frameworks";
				PRODUCT_NAME = "$(TARGET_NAME)";
				TEST_HOST = "$(BUILT_PRODUCTS_DIR)/test.app/test";
			};
			name = Debug;
		};
		42DE376C1ACB336500290225 /* Release */ = {
			isa = XCBuildConfiguration;
			buildSettings = {
				BUNDLE_LOADER = "$(TEST_HOST)";
				FRAMEWORK_SEARCH_PATHS = (
					"$(SDKROOT)/Developer/Library/Frameworks",
					"$(inherited)",
				);
				INFOPLIST_FILE = testTests/Info.plist;
				LD_RUNPATH_SEARCH_PATHS = "$(inherited) @executable_path/Frameworks @loader_path/Frameworks";
				PRODUCT_NAME = "$(TARGET_NAME)";
				TEST_HOST = "$(BUILT_PRODUCTS_DIR)/test.app/test";
			};
			name = Release;
		};
/* End XCBuildConfiguration section */

/* Begin XCConfigurationList section */
		42DE373C1ACB336500290225 /* Build configuration list for PBXProject "test" */ = {
			isa = XCConfigurationList;
			buildConfigurations = (
				42DE37651ACB336500290225 /* Debug */,
				42DE37661ACB336500290225 /* Release */,
			);
			defaultConfigurationIsVisible = 0;
			defaultConfigurationName = Release;
		};
		42DE37671ACB336500290225 /* Build configuration list for PBXNativeTarget "test" */ = {
			isa = XCConfigurationList;
			buildConfigurations = (
				42DE37681ACB336500290225 /* Debug */,
				42DE37691ACB336500290225 /* Release */,
			);
			defaultConfigurationIsVisible = 0;
			defaultConfigurationName = Release;
		};
		42DE376A1ACB336500290225 /* Build configuration list for PBXNativeTarget "testTests" */ = {
			isa = XCConfigurationList;
			buildConfigurations = (
				42DE376B1ACB336500290225 /* Debug */,
				42DE376C1ACB336500290225 /* Release */,
			);
			defaultConfigurationIsVisible = 0;
			defaultConfigurationName = Release;
		};
/* End XCConfigurationList section */

/* Begin XCVersionGroup section */
		42DE374B1ACB336500290225 /* test.xcdatamodeld */ = {
			isa = XCVersionGroup;
			children = (
				42DE374C1ACB336500290225 /* test.xcdatamodel */,
			);
			currentVersion = 42DE374C1ACB336500290225 /* test.xcdatamodel */;
			path = test.xcdatamodeld;
			sourceTree = "<group>";
			versionGroupType = wrapper.xcdatamodel;
		};
/* End XCVersionGroup section */
	};
	rootObject = 42DE37391ACB336500290225 /* Project object */;
}
